{
  "name": "burger-master-aniversario",
  "version": "1.0.0",
  "lockfileVersion": 3,
  "requires": true,
  "packages": {
    "": {
      "name": "burger-master-aniversario",
      "version": "1.0.0",
      "license": "ISC",
      "devDependencies": {
        "@parcel/transformer-sass": "^2.16.0",
        "parcel": "^2.16.0"
      },
      "author": "Samuel Bagolin",
      "repository": {
        "type": "git",
        "url": "https://github.com/Samuel-Bagolin/burger-master-aniversario"
      }
    },
    "node_modules/@parcel/transformer-sass": {
      "version": "2.16.0",
      "resolved": "https://registry.npmjs.org/@parcel/transformer-sass/-/transformer-sass-2.16.0.tgz",
      "integrity": "sha512-xNxPewKt4EQLJ0pFO+RGSIYoyvoIWUYfjZJoO3VFUqgLMqrEi6/N3VmgNm9m6Qoi2Ege8x9MmAzVfs3/KEGLkA==",
      "dev": true,
      "license": "MIT",
      "dependencies": {
        "@parcel/plugin": "2.16.0",
        "@parcel/source-map": "^2.1.1",
        "sass": "^1.88.0"
      },
      "engines": {
        "node": ">= 16.0.0",
        "parcel": "^2.16.0"
      },
      "funding": {
        "type": "opencollective",
        "url": "https://opencollective.com/parcel"
      }
    },
    "node_modules/parcel": {
      "version": "2.16.0",
      "resolved": "https://registry.npmjs.org/parcel/-/parcel-2.16.0.tgz",
      "integrity": "sha512-4sgnoYixTR6Qq6265tjmufXQj7wxvZo4VJHrYfbnfWQWfW5CgF80IiM+dy050pYgtBAMvh+8vJDDYiSto1YPUA==",
      "dev": true,
      "license": "MIT",
      "dependencies": {
        "@parcel/config-default": "2.16.0",
        "@parcel/core": "2.16.0",
        "@parcel/diagnostic": "2.16.0",
        "@parcel/events": "2.16.0",
        "@parcel/feature-flags": "2.16.0",
        "@parcel/fs": "2.16.0",
        "@parcel/logger": "2.16.0",
        "@parcel/package-manager": "2.16.0",
        "@parcel/reporter-cli": "2.16.0",
        "@parcel/reporter-dev-server": "2.16.0",
        "@parcel/reporter-tracer": "2.16.0",
        "@parcel/utils": "2.16.0",
        "chalk": "^4.1.2",
        "commander": "^12.1.0",
        "get-port": "^4.2.0"
      },
      "bin": {
        "parcel": "lib/bin.js"
      },
      "engines": {
        "node": ">= 16.0.0"
      },
      "funding": {
        "type": "opencollective",
        "url": "https://opencollective.com/parcel"
      }
    }
  }
}
